
Microsoft Visual Studio Solution File, Format Version 11.00
# Visual Studio 2010
Project("{FAE04EC0-301F-11D3-BF4B-00C04F79EFBC}") = "躲避精灵", "AnimatedSprites\AnimatedSprites\躲避精灵.csproj", "{94437637-1F49-46FD-85E0-06AC9E03545D}"
EndProject
Project("{FAE04EC0-301F-11D3-BF4B-00C04F79EFBC}") = "AnimatedSpritesContent", "AnimatedSprites\AnimatedSpritesContent\AnimatedSpritesContent.contentproj", "{A1B69D52-621A-4E68-8C24-015D860DEDA3}"
EndProject
Project("{FAE04EC0-301F-11D3-BF4B-00C04F79EFBC}") = "FontProcessor", "FontProcessor\FontProcessor.csproj", "{A9478C0A-D6E6-4DE9-89D5-A173A6572517}"
EndProject
Global
	GlobalSection(SolutionConfigurationPlatforms) = preSolution
		Debug|Mixed Platforms = Debug|Mixed Platforms
		Debug|Windows Phone = Debug|Windows Phone
		Debug|x86 = Debug|x86
		Release|Mixed Platforms = Release|Mixed Platforms
		Release|Windows Phone = Release|Windows Phone
		Release|x86 = Release|x86
	EndGlobalSection
	GlobalSection(ProjectConfigurationPlatforms) = postSolution
		{94437637-1F49-46FD-85E0-06AC9E03545D}.Debug|Mixed Platforms.ActiveCfg = Debug|Windows Phone
		{94437637-1F49-46FD-85E0-06AC9E03545D}.Debug|Mixed Platforms.Build.0 = Debug|Windows Phone
		{94437637-1F49-46FD-85E0-06AC9E03545D}.Debug|Mixed Platforms.Deploy.0 = Debug|Windows Phone
		{94437637-1F49-46FD-85E0-06AC9E03545D}.Debug|Windows Phone.ActiveCfg = Debug|Windows Phone
		{94437637-1F49-46FD-85E0-06AC9E03545D}.Debug|Windows Phone.Build.0 = Debug|Windows Phone
		{94437637-1F49-46FD-85E0-06AC9E03545D}.Debug|Windows Phone.Deploy.0 = Debug|Windows Phone
		{94437637-1F49-46FD-85E0-06AC9E03545D}.Debug|x86.ActiveCfg = Debug|Windows Phone
		{94437637-1F49-46FD-85E0-06AC9E03545D}.Release|Mixed Platforms.ActiveCfg = Release|Windows Phone
		{94437637-1F49-46FD-85E0-06AC9E03545D}.Release|Mixed Platforms.Build.0 = Release|Windows Phone
		{94437637-1F49-46FD-85E0-06AC9E03545D}.Release|Mixed Platforms.Deploy.0 = Release|Windows Phone
		{94437637-1F49-46FD-85E0-06AC9E03545D}.Release|Windows Phone.ActiveCfg = Release|Windows Phone
		{94437637-1F49-46FD-85E0-06AC9E03545D}.Release|Windows Phone.Build.0 = Release|Windows Phone
		{94437637-1F49-46FD-85E0-06AC9E03545D}.Release|Windows Phone.Deploy.0 = Release|Windows Phone
		{94437637-1F49-46FD-85E0-06AC9E03545D}.Release|x86.ActiveCfg = Release|Windows Phone
		{A1B69D52-621A-4E68-8C24-015D860DEDA3}.Debug|Mixed Platforms.ActiveCfg = Debug|Windows Phone
		{A1B69D52-621A-4E68-8C24-015D860DEDA3}.Debug|Windows Phone.ActiveCfg = Debug|Windows Phone
		{A1B69D52-621A-4E68-8C24-015D860DEDA3}.Debug|x86.ActiveCfg = Debug|Windows Phone
		{A1B69D52-621A-4E68-8C24-015D860DEDA3}.Release|Mixed Platforms.ActiveCfg = Release|Windows Phone
		{A1B69D52-621A-4E68-8C24-015D860DEDA3}.Release|Windows Phone.ActiveCfg = Release|Windows Phone
		{A1B69D52-621A-4E68-8C24-015D860DEDA3}.Release|x86.ActiveCfg = Release|Windows Phone
		{A9478C0A-D6E6-4DE9-89D5-A173A6572517}.Debug|Mixed Platforms.ActiveCfg = Debug|x86
		{A9478C0A-D6E6-4DE9-89D5-A173A6572517}.Debug|Mixed Platforms.Build.0 = Debug|x86
		{A9478C0A-D6E6-4DE9-89D5-A173A6572517}.Debug|Windows Phone.ActiveCfg = Debug|x86
		{A9478C0A-D6E6-4DE9-89D5-A173A6572517}.Debug|Windows Phone.Build.0 = Debug|x86
		{A9478C0A-D6E6-4DE9-89D5-A173A6572517}.Debug|x86.ActiveCfg = Debug|x86
		{A9478C0A-D6E6-4DE9-89D5-A173A6572517}.Debug|x86.Build.0 = Debug|x86
		{A9478C0A-D6E6-4DE9-89D5-A173A6572517}.Release|Mixed Platforms.ActiveCfg = Release|x86
		{A9478C0A-D6E6-4DE9-89D5-A173A6572517}.Release|Mixed Platforms.Build.0 = Release|x86
		{A9478C0A-D6E6-4DE9-89D5-A173A6572517}.Release|Windows Phone.ActiveCfg = Release|x86
		{A9478C0A-D6E6-4DE9-89D5-A173A6572517}.Release|Windows Phone.Build.0 = Release|x86
		{A9478C0A-D6E6-4DE9-89D5-A173A6572517}.Release|x86.ActiveCfg = Release|x86
		{A9478C0A-D6E6-4DE9-89D5-A173A6572517}.Release|x86.Build.0 = Release|x86
	EndGlobalSection
	GlobalSection(SolutionProperties) = preSolution
		HideSolutionNode = FALSE
	EndGlobalSection
EndGlobal
